
Microsoft Visual Studio Solution File, Format Version 12.00
# Visual Studio 15
VisualStudioVersion = 15.0.37131.7
MinimumVisualStudioVersion = 10.0.40219.1
Project("{FAE04EC0-301F-11D3-BF4B-00C04F79EFBC}") = "HIMACollegeWebsite", "HIMACollegeWebsite\HIMACollegeWebsite.csproj", "{C7A35BB0-8C9D-4A2B-A921-46CB46CDA394}"
EndProject
Global
	GlobalSection(SolutionConfigurationPlatforms) = preSolution
		Debug|Any CPU = Debug|Any CPU
		Release|Any CPU = Release|Any CPU
	EndGlobalSection
	GlobalSection(ProjectConfigurationPlatforms) = postSolution
		{C7A35BB0-8C9D-4A2B-A921-46CB46CDA394}.Debug|Any CPU.ActiveCfg = Debug|Any CPU
		{C7A35BB0-8C9D-4A2B-A921-46CB46CDA394}.Debug|Any CPU.Build.0 = Debug|Any CPU
		{C7A35BB0-8C9D-4A2B-A921-46CB46CDA394}.Release|Any CPU.ActiveCfg = Release|Any CPU
		{C7A35BB0-8C9D-4A2B-A921-46CB46CDA394}.Release|Any CPU.Build.0 = Release|Any CPU
	EndGlobalSection
	GlobalSection(SolutionProperties) = preSolution
		HideSolutionNode = FALSE
	EndGlobalSection
	GlobalSection(ExtensibilityGlobals) = postSolution
		SolutionGuid = {A44810DC-6CC9-4AD3-9BA2-A01C66AAFAE3}
	EndGlobalSection
EndGlobal
